
Microsoft Visual Studio Solution File, Format Version 12.00
# Visual Studio Version 17
VisualStudioVersion = 17.13.35828.75 d17.13
MinimumVisualStudioVersion = 10.0.40219.1
Project("{888888A0-9F3D-457C-B088-3A5042F75D52}") = "PythonApplication5", "PythonApplication5\PythonApplication5.pyproj", "{E0C444A1-2A71-4611-867B-87B4C3EA9215}"
EndProject
Global
	GlobalSection(SolutionConfigurationPlatforms) = preSolution
		Debug|Any CPU = Debug|Any CPU
		Release|Any CPU = Release|Any CPU
	EndGlobalSection
	GlobalSection(ProjectConfigurationPlatforms) = postSolution
		{E0C444A1-2A71-4611-867B-87B4C3EA9215}.Debug|Any CPU.ActiveCfg = Debug|Any CPU
		{E0C444A1-2A71-4611-867B-87B4C3EA9215}.Release|Any CPU.ActiveCfg = Release|Any CPU
	EndGlobalSection
	GlobalSection(SolutionProperties) = preSolution
		HideSolutionNode = FALSE
	EndGlobalSection
	GlobalSection(ExtensibilityGlobals) = postSolution
		SolutionGuid = {FD2810DD-5B03-40C3-9781-B01AE46E3D09}
	EndGlobalSection
EndGlobal
